
Microsoft Visual Studio Solution File, Format Version 12.00
# Visual Studio Version 17
VisualStudioVersion = 17.11.35222.181
MinimumVisualStudioVersion = 10.0.40219.1
Project("{FAE04EC0-301F-11D3-BF4B-00C04F79EFBC}") = "lab12MVC", "lab12MVC\lab12MVC.csproj", "{DC8D2D02-F3BD-4E66-9CCE-4A9C25E45564}"
EndProject
Global
	GlobalSection(SolutionConfigurationPlatforms) = preSolution
		Debug|Any CPU = Debug|Any CPU
		Release|Any CPU = Release|Any CPU
	EndGlobalSection
	GlobalSection(ProjectConfigurationPlatforms) = postSolution
		{DC8D2D02-F3BD-4E66-9CCE-4A9C25E45564}.Debug|Any CPU.ActiveCfg = Debug|Any CPU
		{DC8D2D02-F3BD-4E66-9CCE-4A9C25E45564}.Debug|Any CPU.Build.0 = Debug|Any CPU
		{DC8D2D02-F3BD-4E66-9CCE-4A9C25E45564}.Release|Any CPU.ActiveCfg = Release|Any CPU
		{DC8D2D02-F3BD-4E66-9CCE-4A9C25E45564}.Release|Any CPU.Build.0 = Release|Any CPU
	EndGlobalSection
	GlobalSection(SolutionProperties) = preSolution
		HideSolutionNode = FALSE
	EndGlobalSection
	GlobalSection(ExtensibilityGlobals) = postSolution
		SolutionGuid = {E2395AA5-6844-41E3-8F81-6A366D13966D}
	EndGlobalSection
EndGlobal
